// !$*UTF8*$!
{
	archiveVersion = 1;
	classes = {
	};
	objectVersion = 50;
	objects = {

/* Begin PBXBuildFile section */
		D8221FFC23CE10B600AFBC4F /* orbital.cpp in Sources */ = {isa = PBXBuildFile; fileRef = D8221FFA23CE10B600AFBC4F /* orbital.cpp */; };
		D83DE10323DF55F9007E83D0 /* Makefile in Sources */ = {isa = PBXBuildFile; fileRef = D83DE10223DF55F9007E83D0 /* Makefile */; };
		D897C3B724164B2900389B89 /* sun_model.cpp in Sources */ = {isa = PBXBuildFile; fileRef = D897C3B524164B2900389B89 /* sun_model.cpp */; };
		D897C3BA24164B3800389B89 /* geomagnetic_field_model.cpp in Sources */ = {isa = PBXBuildFile; fileRef = D897C3B824164B3800389B89 /* geomagnetic_field_model.cpp */; };
		D897C3C02416873300389B89 /* coordinate_transforms.cpp in Sources */ = {isa = PBXBuildFile; fileRef = D897C3BE2416873300389B89 /* coordinate_transforms.cpp */; };
		D898F8CB242FC51900B23D59 /* time_files.cpp in Sources */ = {isa = PBXBuildFile; fileRef = D898F8C9242FC51900B23D59 /* time_files.cpp */; };
		D8A5C59B23E4A4FE00AF2906 /* sensor.cpp in Sources */ = {isa = PBXBuildFile; fileRef = D8A5C59923E4A4FE00AF2906 /* sensor.cpp */; };
		D8A8344B24C0A88100E0E848 /* lib64 in Frameworks */ = {isa = PBXBuildFile; fileRef = D8A8344A24C0A88100E0E848 /* lib64 */; };
		D8BEF51E23CE0C3500C746DF /* main.cpp in Sources */ = {isa = PBXBuildFile; fileRef = D8BEF51D23CE0C3500C746DF /* main.cpp */; };
		D8E5C161242CA875000B2C67 /* BenchMarking.cpp in Sources */ = {isa = PBXBuildFile; fileRef = D8E5C15F242CA875000B2C67 /* BenchMarking.cpp */; };
		D8EDB7EE23D84FC300DC1818 /* utilities.cpp in Sources */ = {isa = PBXBuildFile; fileRef = D8EDB7EC23D84FC300DC1818 /* utilities.cpp */; };
		D8FB528F25323E3B00DC48B8 /* sgp4.cpp in Sources */ = {isa = PBXBuildFile; fileRef = D8FB528D25323E3B00DC48B8 /* sgp4.cpp */; };
		D8FB529225323E6900DC48B8 /* sdp4.cpp in Sources */ = {isa = PBXBuildFile; fileRef = D8FB529025323E6900DC48B8 /* sdp4.cpp */; };
/* End PBXBuildFile section */

/* Begin PBXCopyFilesBuildPhase section */
		D8BEF51823CE0C3500C746DF /* CopyFiles */ = {
			isa = PBXCopyFilesBuildPhase;
			buildActionMask = 8;
			dstPath = usr/share/man/man1;
			dstSubfolderSpec = 10;
			files = (
			);
			runOnlyForDeploymentPostprocessing = 1;
		};
/* End PBXCopyFilesBuildPhase section */

/* Begin PBXFileReference section */
		D805E6D423F535A000B2BBD3 /* notes.rtf */ = {isa = PBXFileReference; lastKnownFileType = text.rtf; path = notes.rtf; sourceTree = "<group>"; };
		D819BAAD25193B46001D1F4B /* names.rtf */ = {isa = PBXFileReference; lastKnownFileType = text.rtf; path = names.rtf; sourceTree = "<group>"; };
		D819BAAE251950D6001D1F4B /* output.rtf */ = {isa = PBXFileReference; lastKnownFileType = text.rtf; path = output.rtf; sourceTree = "<group>"; };
		D819BAAF25195731001D1F4B /* NameOfSatellite.txt */ = {isa = PBXFileReference; lastKnownFileType = text; name = NameOfSatellite.txt; path = ../../../../NameOfSatellite.txt; sourceTree = "<group>"; };
		D8221FFA23CE10B600AFBC4F /* orbital.cpp */ = {isa = PBXFileReference; lastKnownFileType = sourcecode.cpp.cpp; path = orbital.cpp; sourceTree = "<group>"; };
		D8221FFB23CE10B600AFBC4F /* orbital.hpp */ = {isa = PBXFileReference; lastKnownFileType = sourcecode.cpp.h; path = orbital.hpp; sourceTree = "<group>"; };
		D8221FFD23CE17BE00AFBC4F /* TLE_File.rtf */ = {isa = PBXFileReference; lastKnownFileType = text.rtf; path = TLE_File.rtf; sourceTree = "<group>"; };
		D8221FFE23CE1C7700AFBC4F /* TLE_File.txt */ = {isa = PBXFileReference; lastKnownFileType = text; path = TLE_File.txt; sourceTree = "<group>"; };
		D83DE0FF23DF5192007E83D0 /* unit_test.hpp */ = {isa = PBXFileReference; lastKnownFileType = sourcecode.cpp.h; name = unit_test.hpp; path = ../../../../Documents/unit_test.hpp; sourceTree = "<group>"; };
		D83DE10223DF55F9007E83D0 /* Makefile */ = {isa = PBXFileReference; lastKnownFileType = sourcecode.make; path = Makefile; sourceTree = "<group>"; };
		D85733052529116800D9AE9A /* example.txt */ = {isa = PBXFileReference; lastKnownFileType = text; name = example.txt; path = "../../../../../Library/Developer/Xcode/DerivedData/read_from_file-gqjygbrscrfksbelepsqfpumajdo/Build/Products/Debug/example.txt"; sourceTree = "<group>"; };
		D8747E3524BCB56A00B1FD28 /* jni.h */ = {isa = PBXFileReference; fileEncoding = 4; lastKnownFileType = sourcecode.c.h; name = jni.h; path = ../../../../jni.h; sourceTree = "<group>"; };
		D897C3B524164B2900389B89 /* sun_model.cpp */ = {isa = PBXFileReference; lastKnownFileType = sourcecode.cpp.cpp; path = sun_model.cpp; sourceTree = "<group>"; };
		D897C3B624164B2900389B89 /* sun_model.hpp */ = {isa = PBXFileReference; lastKnownFileType = sourcecode.cpp.h; path = sun_model.hpp; sourceTree = "<group>"; };
		D897C3B824164B3800389B89 /* geomagnetic_field_model.cpp */ = {isa = PBXFileReference; lastKnownFileType = sourcecode.cpp.cpp; path = geomagnetic_field_model.cpp; sourceTree = "<group>"; };
		D897C3B924164B3800389B89 /* geomagnetic_field_model.hpp */ = {isa = PBXFileReference; lastKnownFileType = sourcecode.cpp.h; path = geomagnetic_field_model.hpp; sourceTree = "<group>"; };
		D897C3BE2416873300389B89 /* coordinate_transforms.cpp */ = {isa = PBXFileReference; lastKnownFileType = sourcecode.cpp.cpp; path = coordinate_transforms.cpp; sourceTree = "<group>"; };
		D897C3BF2416873300389B89 /* coordinate_transforms.hpp */ = {isa = PBXFileReference; lastKnownFileType = sourcecode.cpp.h; path = coordinate_transforms.hpp; sourceTree = "<group>"; };
		D898F8C9242FC51900B23D59 /* time_files.cpp */ = {isa = PBXFileReference; lastKnownFileType = sourcecode.cpp.cpp; path = time_files.cpp; sourceTree = "<group>"; };
		D898F8CA242FC51900B23D59 /* time_files.hpp */ = {isa = PBXFileReference; lastKnownFileType = sourcecode.cpp.h; path = time_files.hpp; sourceTree = "<group>"; };
		D899F92823E1B48E00186088 /* run.php */ = {isa = PBXFileReference; fileEncoding = 4; lastKnownFileType = text.script.php; path = run.php; sourceTree = "<group>"; };
		D8A5C59923E4A4FE00AF2906 /* sensor.cpp */ = {isa = PBXFileReference; lastKnownFileType = sourcecode.cpp.cpp; path = sensor.cpp; sourceTree = "<group>"; };
		D8A5C59A23E4A4FE00AF2906 /* sensor.hpp */ = {isa = PBXFileReference; lastKnownFileType = sourcecode.cpp.h; path = sensor.hpp; sourceTree = "<group>"; };
		D8A8344A24C0A88100E0E848 /* lib64 */ = {isa = PBXFileReference; lastKnownFileType = folder; name = lib64; path = "../../../mysql xcode/mysql-connector-c++-8.0.21-macos10.15-x86-64bit/lib64"; sourceTree = "<group>"; };
		D8A8347F24C0C66400E0E848 /* mysql_connection.h */ = {isa = PBXFileReference; lastKnownFileType = sourcecode.c.h; name = mysql_connection.h; path = "../../../../mysql xcode/include/jdbc/mysql_connection.h"; sourceTree = "<group>"; };
		D8BEF51A23CE0C3500C746DF /* source */ = {isa = PBXFileReference; explicitFileType = "compiled.mach-o.executable"; includeInIndex = 0; path = source; sourceTree = BUILT_PRODUCTS_DIR; };
		D8BEF51D23CE0C3500C746DF /* main.cpp */ = {isa = PBXFileReference; lastKnownFileType = sourcecode.cpp.cpp; path = main.cpp; sourceTree = "<group>"; };
		D8E5C15F242CA875000B2C67 /* BenchMarking.cpp */ = {isa = PBXFileReference; lastKnownFileType = sourcecode.cpp.cpp; path = BenchMarking.cpp; sourceTree = "<group>"; };
		D8E5C160242CA875000B2C67 /* BenchMarking.hpp */ = {isa = PBXFileReference; lastKnownFileType = sourcecode.cpp.h; path = BenchMarking.hpp; sourceTree = "<group>"; };
		D8EDB7EC23D84FC300DC1818 /* utilities.cpp */ = {isa = PBXFileReference; lastKnownFileType = sourcecode.cpp.cpp; path = utilities.cpp; sourceTree = "<group>"; };
		D8EDB7ED23D84FC300DC1818 /* utilities.hpp */ = {isa = PBXFileReference; lastKnownFileType = sourcecode.cpp.h; path = utilities.hpp; sourceTree = "<group>"; };
		D8FB528D25323E3B00DC48B8 /* sgp4.cpp */ = {isa = PBXFileReference; lastKnownFileType = sourcecode.cpp.cpp; path = sgp4.cpp; sourceTree = "<group>"; };
		D8FB528E25323E3B00DC48B8 /* sgp4.hpp */ = {isa = PBXFileReference; lastKnownFileType = sourcecode.cpp.h; path = sgp4.hpp; sourceTree = "<group>"; };
		D8FB529025323E6900DC48B8 /* sdp4.cpp */ = {isa = PBXFileReference; lastKnownFileType = sourcecode.cpp.cpp; path = sdp4.cpp; sourceTree = "<group>"; };
		D8FB529125323E6900DC48B8 /* sdp4.hpp */ = {isa = PBXFileReference; lastKnownFileType = sourcecode.cpp.h; path = sdp4.hpp; sourceTree = "<group>"; };
		D8FBC25224AB9B6F00455070 /* soci-mysql.h */ = {isa = PBXFileReference; lastKnownFileType = sourcecode.c.h; path = "soci-mysql.h"; sourceTree = "<group>"; };
/* End PBXFileReference section */

/* Begin PBXFrameworksBuildPhase section */
		D8BEF51723CE0C3500C746DF /* Frameworks */ = {
			isa = PBXFrameworksBuildPhase;
			buildActionMask = 2147483647;
			files = (
				D8A8344B24C0A88100E0E848 /* lib64 in Frameworks */,
			);
			runOnlyForDeploymentPostprocessing = 0;
		};
/* End PBXFrameworksBuildPhase section */

/* Begin PBXGroup section */
		D8A8344924C0A88100E0E848 /* Frameworks */ = {
			isa = PBXGroup;
			children = (
				D8A8344A24C0A88100E0E848 /* lib64 */,
			);
			name = Frameworks;
			sourceTree = "<group>";
		};
		D8BEF51123CE0C3500C746DF = {
			isa = PBXGroup;
			children = (
				D8BEF51C23CE0C3500C746DF /* source */,
				D8A8344924C0A88100E0E848 /* Frameworks */,
			);
			sourceTree = "<group>";
		};
		D8BEF51B23CE0C3500C746DF /* Products */ = {
			isa = PBXGroup;
			children = (
				D8BEF51A23CE0C3500C746DF /* source */,
			);
			name = Products;
			path = ..;
			sourceTree = "<group>";
		};
		D8BEF51C23CE0C3500C746DF /* source */ = {
			isa = PBXGroup;
			children = (
				D8747E3524BCB56A00B1FD28 /* jni.h */,
				D8FBC25224AB9B6F00455070 /* soci-mysql.h */,
				D897C3BE2416873300389B89 /* coordinate_transforms.cpp */,
				D897C3BF2416873300389B89 /* coordinate_transforms.hpp */,
				D8A8347F24C0C66400E0E848 /* mysql_connection.h */,
				D897C3B524164B2900389B89 /* sun_model.cpp */,
				D897C3B624164B2900389B89 /* sun_model.hpp */,
				D897C3B824164B3800389B89 /* geomagnetic_field_model.cpp */,
				D897C3B924164B3800389B89 /* geomagnetic_field_model.hpp */,
				D805E6D423F535A000B2BBD3 /* notes.rtf */,
				D899F92823E1B48E00186088 /* run.php */,
				D83DE0FF23DF5192007E83D0 /* unit_test.hpp */,
				D8221FFE23CE1C7700AFBC4F /* TLE_File.txt */,
				D8BEF51B23CE0C3500C746DF /* Products */,
				D8BEF51D23CE0C3500C746DF /* main.cpp */,
				D8221FFA23CE10B600AFBC4F /* orbital.cpp */,
				D8221FFB23CE10B600AFBC4F /* orbital.hpp */,
				D8221FFD23CE17BE00AFBC4F /* TLE_File.rtf */,
				D85733052529116800D9AE9A /* example.txt */,
				D8EDB7EC23D84FC300DC1818 /* utilities.cpp */,
				D8EDB7ED23D84FC300DC1818 /* utilities.hpp */,
				D819BAAD25193B46001D1F4B /* names.rtf */,
				D83DE10223DF55F9007E83D0 /* Makefile */,
				D8A5C59923E4A4FE00AF2906 /* sensor.cpp */,
				D819BAAF25195731001D1F4B /* NameOfSatellite.txt */,
				D8A5C59A23E4A4FE00AF2906 /* sensor.hpp */,
				D8E5C15F242CA875000B2C67 /* BenchMarking.cpp */,
				D8E5C160242CA875000B2C67 /* BenchMarking.hpp */,
				D898F8C9242FC51900B23D59 /* time_files.cpp */,
				D898F8CA242FC51900B23D59 /* time_files.hpp */,
				D819BAAE251950D6001D1F4B /* output.rtf */,
				D8FB528D25323E3B00DC48B8 /* sgp4.cpp */,
				D8FB528E25323E3B00DC48B8 /* sgp4.hpp */,
				D8FB529025323E6900DC48B8 /* sdp4.cpp */,
				D8FB529125323E6900DC48B8 /* sdp4.hpp */,
			);
			path = source;
			sourceTree = "<group>";
		};
/* End PBXGroup section */

/* Begin PBXNativeTarget section */
		D8BEF51923CE0C3500C746DF /* source */ = {
			isa = PBXNativeTarget;
			buildConfigurationList = D8BEF52123CE0C3500C746DF /* Build configuration list for PBXNativeTarget "source" */;
			buildPhases = (
				D8BEF51623CE0C3500C746DF /* Sources */,
				D8BEF51723CE0C3500C746DF /* Frameworks */,
				D8BEF51823CE0C3500C746DF /* CopyFiles */,
			);
			buildRules = (
			);
			dependencies = (
			);
			name = source;
			productName = HelloWorld;
			productReference = D8BEF51A23CE0C3500C746DF /* source */;
			productType = "com.apple.product-type.tool";
		};
/* End PBXNativeTarget section */

/* Begin PBXProject section */
		D8BEF51223CE0C3500C746DF /* Project object */ = {
			isa = PBXProject;
			attributes = {
				LastUpgradeCheck = 1110;
				ORGANIZATIONNAME = "Kwadwo Oteng-Amoko";
				TargetAttributes = {
					D8BEF51923CE0C3500C746DF = {
						CreatedOnToolsVersion = 11.1;
					};
				};
			};
			buildConfigurationList = D8BEF51523CE0C3500C746DF /* Build configuration list for PBXProject "source" */;
			compatibilityVersion = "Xcode 9.3";
			developmentRegion = en;
			hasScannedForEncodings = 0;
			knownRegions = (
				en,
				Base,
			);
			mainGroup = D8BEF51123CE0C3500C746DF;
			productRefGroup = D8BEF51B23CE0C3500C746DF /* Products */;
			projectDirPath = "";
			projectRoot = "";
			targets = (
				D8BEF51923CE0C3500C746DF /* source */,
			);
		};
/* End PBXProject section */

/* Begin PBXSourcesBuildPhase section */
		D8BEF51623CE0C3500C746DF /* Sources */ = {
			isa = PBXSourcesBuildPhase;
			buildActionMask = 2147483647;
			files = (
				D897C3C02416873300389B89 /* coordinate_transforms.cpp in Sources */,
				D8EDB7EE23D84FC300DC1818 /* utilities.cpp in Sources */,
				D8E5C161242CA875000B2C67 /* BenchMarking.cpp in Sources */,
				D8BEF51E23CE0C3500C746DF /* main.cpp in Sources */,
				D83DE10323DF55F9007E83D0 /* Makefile in Sources */,
				D8221FFC23CE10B600AFBC4F /* orbital.cpp in Sources */,
				D897C3B724164B2900389B89 /* sun_model.cpp in Sources */,
				D8A5C59B23E4A4FE00AF2906 /* sensor.cpp in Sources */,
				D8FB529225323E6900DC48B8 /* sdp4.cpp in Sources */,
				D8FB528F25323E3B00DC48B8 /* sgp4.cpp in Sources */,
				D898F8CB242FC51900B23D59 /* time_files.cpp in Sources */,
				D897C3BA24164B3800389B89 /* geomagnetic_field_model.cpp in Sources */,
			);
			runOnlyForDeploymentPostprocessing = 0;
		};
/* End PBXSourcesBuildPhase section */

/* Begin XCBuildConfiguration section */
		D8BEF51F23CE0C3500C746DF /* Debug */ = {
			isa = XCBuildConfiguration;
			buildSettings = {
				ALWAYS_SEARCH_USER_PATHS = NO;
				CLANG_ANALYZER_NONNULL = YES;
				CLANG_ANALYZER_NUMBER_OBJECT_CONVERSION = YES_AGGRESSIVE;
				CLANG_CXX_LANGUAGE_STANDARD = "gnu++14";
				CLANG_CXX_LIBRARY = "libc++";
				CLANG_ENABLE_MODULES = YES;
				CLANG_ENABLE_OBJC_ARC = YES;
				CLANG_ENABLE_OBJC_WEAK = YES;
				CLANG_WARN_BLOCK_CAPTURE_AUTORELEASING = YES;
				CLANG_WARN_BOOL_CONVERSION = YES;
				CLANG_WARN_COMMA = YES;
				CLANG_WARN_CONSTANT_CONVERSION = YES;
				CLANG_WARN_DEPRECATED_OBJC_IMPLEMENTATIONS = YES;
				CLANG_WARN_DIRECT_OBJC_ISA_USAGE = YES_ERROR;
				CLANG_WARN_DOCUMENTATION_COMMENTS = YES;
				CLANG_WARN_EMPTY_BODY = YES;
				CLANG_WARN_ENUM_CONVERSION = YES;
				CLANG_WARN_INFINITE_RECURSION = YES;
				CLANG_WARN_INT_CONVERSION = YES;
				CLANG_WARN_NON_LITERAL_NULL_CONVERSION = YES;
				CLANG_WARN_OBJC_IMPLICIT_RETAIN_SELF = YES;
				CLANG_WARN_OBJC_LITERAL_CONVERSION = YES;
				CLANG_WARN_OBJC_ROOT_CLASS = YES_ERROR;
				CLANG_WARN_RANGE_LOOP_ANALYSIS = YES;
				CLANG_WARN_STRICT_PROTOTYPES = YES;
				CLANG_WARN_SUSPICIOUS_MOVE = YES;
				CLANG_WARN_UNGUARDED_AVAILABILITY = YES_AGGRESSIVE;
				CLANG_WARN_UNREACHABLE_CODE = YES;
				CLANG_WARN__DUPLICATE_METHOD_MATCH = YES;
				COPY_PHASE_STRIP = NO;
				DEBUG_INFORMATION_FORMAT = dwarf;
				ENABLE_STRICT_OBJC_MSGSEND = YES;
				ENABLE_TESTABILITY = YES;
				GCC_C_LANGUAGE_STANDARD = gnu11;
				GCC_DYNAMIC_NO_PIC = NO;
				GCC_NO_COMMON_BLOCKS = YES;
				GCC_OPTIMIZATION_LEVEL = 0;
				GCC_PREPROCESSOR_DEFINITIONS = (
					"DEBUG=1",
					"$(inherited)",
				);
				GCC_WARN_64_TO_32_BIT_CONVERSION = YES;
				GCC_WARN_ABOUT_RETURN_TYPE = YES_ERROR;
				GCC_WARN_UNDECLARED_SELECTOR = YES;
				GCC_WARN_UNINITIALIZED_AUTOS = YES_AGGRESSIVE;
				GCC_WARN_UNUSED_FUNCTION = YES;
				GCC_WARN_UNUSED_VARIABLE = YES;
				MACOSX_DEPLOYMENT_TARGET = 10.15;
				MTL_ENABLE_DEBUG_INFO = INCLUDE_SOURCE;
				MTL_FAST_MATH = YES;
				ONLY_ACTIVE_ARCH = YES;
				SDKROOT = macosx;
			};
			name = Debug;
		};
		D8BEF52023CE0C3500C746DF /* Release */ = {
			isa = XCBuildConfiguration;
			buildSettings = {
				ALWAYS_SEARCH_USER_PATHS = NO;
				CLANG_ANALYZER_NONNULL = YES;
				CLANG_ANALYZER_NUMBER_OBJECT_CONVERSION = YES_AGGRESSIVE;
				CLANG_CXX_LANGUAGE_STANDARD = "gnu++14";
				CLANG_CXX_LIBRARY = "libc++";
				CLANG_ENABLE_MODULES = YES;
				CLANG_ENABLE_OBJC_ARC = YES;
				CLANG_ENABLE_OBJC_WEAK = YES;
				CLANG_WARN_BLOCK_CAPTURE_AUTORELEASING = YES;
				CLANG_WARN_BOOL_CONVERSION = YES;
				CLANG_WARN_COMMA = YES;
				CLANG_WARN_CONSTANT_CONVERSION = YES;
				CLANG_WARN_DEPRECATED_OBJC_IMPLEMENTATIONS = YES;
				CLANG_WARN_DIRECT_OBJC_ISA_USAGE = YES_ERROR;
				CLANG_WARN_DOCUMENTATION_COMMENTS = YES;
				CLANG_WARN_EMPTY_BODY = YES;
				CLANG_WARN_ENUM_CONVERSION = YES;
				CLANG_WARN_INFINITE_RECURSION = YES;
				CLANG_WARN_INT_CONVERSION = YES;
				CLANG_WARN_NON_LITERAL_NULL_CONVERSION = YES;
				CLANG_WARN_OBJC_IMPLICIT_RETAIN_SELF = YES;
				CLANG_WARN_OBJC_LITERAL_CONVERSION = YES;
				CLANG_WARN_OBJC_ROOT_CLASS = YES_ERROR;
				CLANG_WARN_RANGE_LOOP_ANALYSIS = YES;
				CLANG_WARN_STRICT_PROTOTYPES = YES;
				CLANG_WARN_SUSPICIOUS_MOVE = YES;
				CLANG_WARN_UNGUARDED_AVAILABILITY = YES_AGGRESSIVE;
				CLANG_WARN_UNREACHABLE_CODE = YES;
				CLANG_WARN__DUPLICATE_METHOD_MATCH = YES;
				COPY_PHASE_STRIP = NO;
				DEBUG_INFORMATION_FORMAT = "dwarf-with-dsym";
				ENABLE_NS_ASSERTIONS = NO;
				ENABLE_STRICT_OBJC_MSGSEND = YES;
				GCC_C_LANGUAGE_STANDARD = gnu11;
				GCC_NO_COMMON_BLOCKS = YES;
				GCC_WARN_64_TO_32_BIT_CONVERSION = YES;
				GCC_WARN_ABOUT_RETURN_TYPE = YES_ERROR;
				GCC_WARN_UNDECLARED_SELECTOR = YES;
				GCC_WARN_UNINITIALIZED_AUTOS = YES_AGGRESSIVE;
				GCC_WARN_UNUSED_FUNCTION = YES;
				GCC_WARN_UNUSED_VARIABLE = YES;
				MACOSX_DEPLOYMENT_TARGET = 10.15;
				MTL_ENABLE_DEBUG_INFO = NO;
				MTL_FAST_MATH = YES;
				SDKROOT = macosx;
			};
			name = Release;
		};
		D8BEF52223CE0C3500C746DF /* Debug */ = {
			isa = XCBuildConfiguration;
			buildSettings = {
				CODE_SIGN_STYLE = Automatic;
				HEADER_SEARCH_PATHS = (
					"/Users/kwadwooteng-amoko/Documents/Libraries/boost_1_72_0/path/to/installation/prefix/include/",
					"/Users/kwadwooteng-amoko/soci/include/",
					"/Users/kwadwooteng-amoko/soci/include/soci/mysql/",
					/Applications/XAMPP/xamppfiles/include/,
					"/Users/kwadwooteng-amoko/Desktop/mysql",
					"/Users/kwadwooteng-amoko/Desktop/mys/",
					"/Users/kwadwooteng-amoko/Desktop/mysql/",
				);
				LIBRARY_SEARCH_PATHS = (
					"/Users/kwadwooteng-amoko/Documents/Libraries/boost_1_72_0/path/to/installation/prefix/lib/",
					"/Users/kwadwooteng-amoko/soci/include/",
					"/Users/kwadwooteng-amoko/soci/include/soci/mysql/",
					/Applications/XAMPP/xamppfiles/include/,
					"/Users/kwadwooteng-amoko/Qt5.14.0/5.14.0/Src/qtwebengine/src/3rdparty/chromium/third_party/ffmpeg/libavcodec/",
					"/Users/kwadwooteng-amoko/Desktop/mysql",
					"/Users/kwadwooteng-amoko/Desktop/mysql/",
				);
				"LIBRARY_SEARCH_PATHS[arch=*]" = (
					"/Users/kwadwooteng-amoko/Documents/Libraries/boost_1_72_0/path/to/installation/prefix/lib/",
					"/Users/kwadwooteng-amoko/soci/include/",
					"/Users/kwadwooteng-amoko/soci/include/soci/mysql/",
					/Applications/XAMPP/xamppfiles/include/,
					"/Users/kwadwooteng-amoko/Qt5.14.0/5.14.0/Src/qtwebengine/src/3rdparty/chromium/third_party/ffmpeg/libavcodec/",
					"/Users/kwadwooteng-amoko/Desktop/mysql",
					"/Users/kwadwooteng-amoko/Desktop/mysql",
					"/Users/kwadwooteng-amoko/Desktop/mysql",
					"/Users/kwadwooteng-amoko/Desktop/mysql",
					"/Users/kwadwooteng-amoko/Desktop/mysql",
				);
				NEW_SETTING = "";
				PRODUCT_NAME = "$(TARGET_NAME)";
			};
			name = Debug;
		};
		D8BEF52323CE0C3500C746DF /* Release */ = {
			isa = XCBuildConfiguration;
			buildSettings = {
				CODE_SIGN_STYLE = Automatic;
				HEADER_SEARCH_PATHS = (
					"/Users/kwadwooteng-amoko/Documents/Libraries/boost_1_72_0/path/to/installation/prefix/include/",
					"/Users/kwadwooteng-amoko/soci/include/",
					"/Users/kwadwooteng-amoko/soci/include/soci/mysql/",
					/Applications/XAMPP/xamppfiles/include/,
					"/Users/kwadwooteng-amoko/Desktop/mysql",
					"/Users/kwadwooteng-amoko/Desktop/mysql/",
					"/Users/kwadwooteng-amoko/Desktop/mysql",
				);
				LIBRARY_SEARCH_PATHS = (
					"/Users/kwadwooteng-amoko/Documents/Libraries/boost_1_72_0/path/to/installation/prefix/lib/",
					"/Users/kwadwooteng-amoko/soci/include/",
					"/Users/kwadwooteng-amoko/soci/include/soci/mysql/",
					/Applications/XAMPP/xamppfiles/include/,
					"/Users/kwadwooteng-amoko/Qt5.14.0/5.14.0/Src/qtwebengine/src/3rdparty/chromium/third_party/ffmpeg/libavcodec/",
					"/Users/kwadwooteng-amoko/Desktop/mysql",
					"/Users/kwadwooteng-amoko/Desktop/mysql",
					"/Users/kwadwooteng-amoko/Desktop/mysql",
					"/Users/kwadwooteng-amoko/Desktop/mysql",
					"/Users/kwadwooteng-amoko/Desktop/mysql-connector-c++-8.0.21-macos10.15-x86-64bit/",
					"/Users/kwadwooteng-amoko/Desktop/mys/",
					"/Users/kwadwooteng-amoko/Desktop/mysql/",
				);
				"LIBRARY_SEARCH_PATHS[arch=*]" = (
					"/Users/kwadwooteng-amoko/Documents/Libraries/boost_1_72_0/path/to/installation/prefix/lib/",
					"/Users/kwadwooteng-amoko/soci/include/",
					"/Users/kwadwooteng-amoko/soci/include/soci/mysql/",
					/Applications/XAMPP/xamppfiles/include/,
					"/Users/kwadwooteng-amoko/Qt5.14.0/5.14.0/Src/qtwebengine/src/3rdparty/chromium/third_party/ffmpeg/libavcodec/",
					"/Users/kwadwooteng-amoko/Desktop/mysql",
					"/Users/kwadwooteng-amoko/Desktop/mysql",
					"/Users/kwadwooteng-amoko/Desktop/mysql",
					"/Users/kwadwooteng-amoko/Desktop/mysql/",
					"/Users/kwadwooteng-amoko/Desktop/mysql-connector-c++-8.0.21-macos10.15-x86-64bit/",
					"/Users/kwadwooteng-amoko/Desktop/mys/",
					"/Users/kwadwooteng-amoko/Desktop/mysql",
				);
				NEW_SETTING = "";
				PRODUCT_NAME = "$(TARGET_NAME)";
			};
			name = Release;
		};
/* End XCBuildConfiguration section */

/* Begin XCConfigurationList section */
		D8BEF51523CE0C3500C746DF /* Build configuration list for PBXProject "source" */ = {
			isa = XCConfigurationList;
			buildConfigurations = (
				D8BEF51F23CE0C3500C746DF /* Debug */,
				D8BEF52023CE0C3500C746DF /* Release */,
			);
			defaultConfigurationIsVisible = 0;
			defaultConfigurationName = Release;
		};
		D8BEF52123CE0C3500C746DF /* Build configuration list for PBXNativeTarget "source" */ = {
			isa = XCConfigurationList;
			buildConfigurations = (
				D8BEF52223CE0C3500C746DF /* Debug */,
				D8BEF52323CE0C3500C746DF /* Release */,
			);
			defaultConfigurationIsVisible = 0;
			defaultConfigurationName = Release;
		};
/* End XCConfigurationList section */
	};
	rootObject = D8BEF51223CE0C3500C746DF /* Project object */;
}
